
Microsoft Visual Studio Solution File, Format Version 12.00
# Visual Studio 14
VisualStudioVersion = 14.0.25420.1
MinimumVisualStudioVersion = 10.0.40219.1
Project("{2150E333-8FDC-42A3-9474-1A3956D46DE8}") = "src", "src", "{01E3D57E-1CED-4881-9D80-CE570AD46A2E}"
EndProject
Project("{2150E333-8FDC-42A3-9474-1A3956D46DE8}") = "Solution Items", "Solution Items", "{896E138E-4A60-4A04-B9C8-4FC3BFCF2C6B}"
	ProjectSection(SolutionItems) = preProject
		global.json = global.json
	EndProjectSection
EndProject
Project("{8BB2217D-0F2D-49D1-97BC-3654ED321F3B}") = "DevDayCoreFeatures.Web", "src\DevDayCoreFeatures.Web\DevDayCoreFeatures.Web.xproj", "{0742A085-2747-479B-BA13-C9DB8A28E800}"
EndProject
Global
	GlobalSection(SolutionConfigurationPlatforms) = preSolution
		Debug|Any CPU = Debug|Any CPU
		Release|Any CPU = Release|Any CPU
	EndGlobalSection
	GlobalSection(ProjectConfigurationPlatforms) = postSolution
		{0742A085-2747-479B-BA13-C9DB8A28E800}.Debug|Any CPU.ActiveCfg = Debug|Any CPU
		{0742A085-2747-479B-BA13-C9DB8A28E800}.Debug|Any CPU.Build.0 = Debug|Any CPU
		{0742A085-2747-479B-BA13-C9DB8A28E800}.Release|Any CPU.ActiveCfg = Release|Any CPU
		{0742A085-2747-479B-BA13-C9DB8A28E800}.Release|Any CPU.Build.0 = Release|Any CPU
	EndGlobalSection
	GlobalSection(SolutionProperties) = preSolution
		HideSolutionNode = FALSE
	EndGlobalSection
	GlobalSection(NestedProjects) = preSolution
		{0742A085-2747-479B-BA13-C9DB8A28E800} = {01E3D57E-1CED-4881-9D80-CE570AD46A2E}
	EndGlobalSection
EndGlobal
